// !$*UTF8*$!
{
	archiveVersion = 1;
	classes = {
	};
	objectVersion = 77;
	objects = {

/* Begin PBXBuildFile section */
		03471F42E42E88BE1B26DD25 /* AlertsServiceTests.swift in Sources */ = {isa = PBXBuildFile; fileRef = DBB5F0053570AD9ADF048ACC /* AlertsServiceTests.swift */; };
		0428DBFE04405ED333ABFB3D /* StatusBarView.swift in Sources */ = {isa = PBXBuildFile; fileRef = E326886A1D0649F283C4E2FD /* StatusBarView.swift */; };
		056B7D84437DFD8A281C0641 /* EnvironmentRowView.swift in Sources */ = {isa = PBXBuildFile; fileRef = 8277752CC68CD4D213D9800F /* EnvironmentRowView.swift */; };
		058C0DEA4177764E19568402 /* AlertModel.swift in Sources */ = {isa = PBXBuildFile; fileRef = E94B87DF50FF2E5B1D0086DE /* AlertModel.swift */; };
		1FCB7C2AE334AFAF307B49CC /* AlertmanagerViewModel.swift in Sources */ = {isa = PBXBuildFile; fileRef = DB6A6257F030E31AA6FEDB0B /* AlertmanagerViewModel.swift */; };
		22EDF091E5D10B5EC0175939 /* MimirToolUIApp.swift in Sources */ = {isa = PBXBuildFile; fileRef = 12F75510D3A8DBC2E05C0687 /* MimirToolUIApp.swift */; };
		27D551B07B0B06A8C582E9A6 /* MimirToolUITests.swift in Sources */ = {isa = PBXBuildFile; fileRef = 289EB8C1B22E6B2D8C9EDE34 /* MimirToolUITests.swift */; };
		2B7995AE7357C5D0AE159634 /* RemoteReadViewModelTests.swift in Sources */ = {isa = PBXBuildFile; fileRef = 8B20C77ABCD8AFD4CC7AF5F8 /* RemoteReadViewModelTests.swift */; };
		2D9FA74F591A52795639197E /* MimirEnvironment.swift in Sources */ = {isa = PBXBuildFile; fileRef = 0B21C2F10BDA758469022C6D /* MimirEnvironment.swift */; };
		2E84A2F890478BF792402131 /* AlertsViewModelTests.swift in Sources */ = {isa = PBXBuildFile; fileRef = 653BA61F99D2C3DFCC9F344B /* AlertsViewModelTests.swift */; };
		2F86DCE50F21EED6A083380D /* RulesViewModelTests.swift in Sources */ = {isa = PBXBuildFile; fileRef = EE7FC61003B687C6F7473718 /* RulesViewModelTests.swift */; };
		385309BF50B43AA1EDD5A461 /* AlertsViewModel.swift in Sources */ = {isa = PBXBuildFile; fileRef = DC9619321A04FD26A173207C /* AlertsViewModel.swift */; };
		45F09B8FDB862A28B0F5FA27 /* AlertmanagerView.swift in Sources */ = {isa = PBXBuildFile; fileRef = 63C97FA393FEC50F9F3173BB /* AlertmanagerView.swift */; };
		48A52E4DCA9569FB037ED7AA /* AlertmanagerViewModelTests.swift in Sources */ = {isa = PBXBuildFile; fileRef = 9D8F32E169CDFCA5D0D4C806 /* AlertmanagerViewModelTests.swift */; };
		4EA979A3626D6A97DF66129D /* RuleEditorSheet.swift in Sources */ = {isa = PBXBuildFile; fileRef = 36F9F817FA5E4DBD45FC75D7 /* RuleEditorSheet.swift */; };
		53C151B9BC4CDD0DEA75D23C /* ErrorBannerView.swift in Sources */ = {isa = PBXBuildFile; fileRef = CC48B1A0AC71B061507E4D7F /* ErrorBannerView.swift */; };
		601E8297206FF9879C06E554 /* SidebarView.swift in Sources */ = {isa = PBXBuildFile; fileRef = AE350DED6FFC0CF67D108C2B /* SidebarView.swift */; };
		64BE74F9DE3392BB5E7F8427 /* RulesView.swift in Sources */ = {isa = PBXBuildFile; fileRef = BBEDCD1618CD293CFBAF89CB /* RulesView.swift */; };
		67F7ED39235CCF320087F997 /* MimirtoolRunnerTests.swift in Sources */ = {isa = PBXBuildFile; fileRef = FF98A03239FFE126291073B1 /* MimirtoolRunnerTests.swift */; };
		715E738B0B664038BFFE4D66 /* ConfigSummaryView.swift in Sources */ = {isa = PBXBuildFile; fileRef = 52E164DBC82F04729752F2D5 /* ConfigSummaryView.swift */; };
		80EFAEDF36AB329221F52E9B /* TagView.swift in Sources */ = {isa = PBXBuildFile; fileRef = F8DF53B6DB2F025C2D9096FD /* TagView.swift */; };
		8622D64AD71A0FC08911862A /* EnvironmentStore.swift in Sources */ = {isa = PBXBuildFile; fileRef = 7542D06AF08821AD8C1A6467 /* EnvironmentStore.swift */; };
		886798191B0E067735ED5E3C /* MimirtoolRunner.swift in Sources */ = {isa = PBXBuildFile; fileRef = B8A3E0663FD1194F96087AAF /* MimirtoolRunner.swift */; };
		9449FCE94CFB745A8272A806 /* RuleModels.swift in Sources */ = {isa = PBXBuildFile; fileRef = 9D2D4C07C76ED9630743E295 /* RuleModels.swift */; };
		95ECD4C2CA0ABD146AACD954 /* EnvironmentFormSheet.swift in Sources */ = {isa = PBXBuildFile; fileRef = 4F702E09D84287F285401CAF /* EnvironmentFormSheet.swift */; };
		9ADB8E1CDBA7A55FC01ABF45 /* RulesViewModel.swift in Sources */ = {isa = PBXBuildFile; fileRef = F1F2B7AE9E18A96BBB3DCC6E /* RulesViewModel.swift */; };
		A290DC2C4B455BEDDBE9FB19 /* YAMLEditorView.swift in Sources */ = {isa = PBXBuildFile; fileRef = 1CEF2455AA852E5DA83E9F1F /* YAMLEditorView.swift */; };
		A875C78A9A79DD73800D6170 /* ContentView.swift in Sources */ = {isa = PBXBuildFile; fileRef = ACC8C5E6FA441BA7C1D4DADD /* ContentView.swift */; };
		B0558362A31649DAE214C7E7 /* RemoteReadViewModel.swift in Sources */ = {isa = PBXBuildFile; fileRef = 24D4A3F17BE380EF53136638 /* RemoteReadViewModel.swift */; };
		C21028BAA055E7D9661D526F /* AppSettings.swift in Sources */ = {isa = PBXBuildFile; fileRef = BD1DA902B34CC591ADBE89FF /* AppSettings.swift */; };
		C74ACF0AEDE20B9892E9E4FA /* EnvironmentStoreTests.swift in Sources */ = {isa = PBXBuildFile; fileRef = 7C758EE837439B32F4B0172D /* EnvironmentStoreTests.swift */; };
		CEB555299CED577F67F571CD /* RemoteReadModels.swift in Sources */ = {isa = PBXBuildFile; fileRef = 8534785824F2F1CBBBD8674E /* RemoteReadModels.swift */; };
		DFA8AD6C52A8EE7731EE108C /* EnvironmentSwitcherPopover.swift in Sources */ = {isa = PBXBuildFile; fileRef = 8E8A0A279F98DBB642D0CDF7 /* EnvironmentSwitcherPopover.swift */; };
		E88620B0975FF1B9DEEBADF5 /* SettingsView.swift in Sources */ = {isa = PBXBuildFile; fileRef = D49656795398DF303DABDC64 /* SettingsView.swift */; };
		E8BDA736499CF5C047E1B72E /* AlertsView.swift in Sources */ = {isa = PBXBuildFile; fileRef = 0B2A69CCA4A71E10575CA7CC /* AlertsView.swift */; };
		F9DCF0170FF8F25C7E67BA68 /* RemoteReadView.swift in Sources */ = {isa = PBXBuildFile; fileRef = E801F1FB7CFFF615C8BE7B87 /* RemoteReadView.swift */; };
		FEC35AEC84007291785B5E09 /* AlertsService.swift in Sources */ = {isa = PBXBuildFile; fileRef = A6E116713F81442653149DCA /* AlertsService.swift */; };
/* End PBXBuildFile section */

/* Begin PBXContainerItemProxy section */
		DC894E71D2BEB6B94FCEEFD6 /* PBXContainerItemProxy */ = {
			isa = PBXContainerItemProxy;
			containerPortal = 1ABAF0470BF9041E69E8B8F8 /* Project object */;
			proxyType = 1;
			remoteGlobalIDString = C6CDB2908CE447D376C96B88;
			remoteInfo = MimirToolUI;
		};
/* End PBXContainerItemProxy section */

/* Begin PBXFileReference section */
		0B21C2F10BDA758469022C6D /* MimirEnvironment.swift */ = {isa = PBXFileReference; lastKnownFileType = sourcecode.swift; path = MimirEnvironment.swift; sourceTree = "<group>"; };
		0B2A69CCA4A71E10575CA7CC /* AlertsView.swift */ = {isa = PBXFileReference; lastKnownFileType = sourcecode.swift; path = AlertsView.swift; sourceTree = "<group>"; };
		12F75510D3A8DBC2E05C0687 /* MimirToolUIApp.swift */ = {isa = PBXFileReference; lastKnownFileType = sourcecode.swift; path = MimirToolUIApp.swift; sourceTree = "<group>"; };
		1CEF2455AA852E5DA83E9F1F /* YAMLEditorView.swift */ = {isa = PBXFileReference; lastKnownFileType = sourcecode.swift; path = YAMLEditorView.swift; sourceTree = "<group>"; };
		24D4A3F17BE380EF53136638 /* RemoteReadViewModel.swift */ = {isa = PBXFileReference; lastKnownFileType = sourcecode.swift; path = RemoteReadViewModel.swift; sourceTree = "<group>"; };
		289EB8C1B22E6B2D8C9EDE34 /* MimirToolUITests.swift */ = {isa = PBXFileReference; lastKnownFileType = sourcecode.swift; path = MimirToolUITests.swift; sourceTree = "<group>"; };
		2C734CB6F6A012629115FE81 /* Info.plist */ = {isa = PBXFileReference; lastKnownFileType = text.plist; path = Info.plist; sourceTree = "<group>"; };
		36F9F817FA5E4DBD45FC75D7 /* RuleEditorSheet.swift */ = {isa = PBXFileReference; lastKnownFileType = sourcecode.swift; path = RuleEditorSheet.swift; sourceTree = "<group>"; };
		435255EBE47098B1A75120AD /* MimirToolUITests.xctest */ = {isa = PBXFileReference; explicitFileType = wrapper.cfbundle; includeInIndex = 0; path = MimirToolUITests.xctest; sourceTree = BUILT_PRODUCTS_DIR; };
		4F702E09D84287F285401CAF /* EnvironmentFormSheet.swift */ = {isa = PBXFileReference; lastKnownFileType = sourcecode.swift; path = EnvironmentFormSheet.swift; sourceTree = "<group>"; };
		52E164DBC82F04729752F2D5 /* ConfigSummaryView.swift */ = {isa = PBXFileReference; lastKnownFileType = sourcecode.swift; path = ConfigSummaryView.swift; sourceTree = "<group>"; };
		63C97FA393FEC50F9F3173BB /* AlertmanagerView.swift */ = {isa = PBXFileReference; lastKnownFileType = sourcecode.swift; path = AlertmanagerView.swift; sourceTree = "<group>"; };
		653BA61F99D2C3DFCC9F344B /* AlertsViewModelTests.swift */ = {isa = PBXFileReference; lastKnownFileType = sourcecode.swift; path = AlertsViewModelTests.swift; sourceTree = "<group>"; };
		7455B7BE315C3FEB7B24073A /* MimirToolUI.app */ = {isa = PBXFileReference; explicitFileType = wrapper.application; includeInIndex = 0; path = MimirToolUI.app; sourceTree = BUILT_PRODUCTS_DIR; };
		7542D06AF08821AD8C1A6467 /* EnvironmentStore.swift */ = {isa = PBXFileReference; lastKnownFileType = sourcecode.swift; path = EnvironmentStore.swift; sourceTree = "<group>"; };
		7C758EE837439B32F4B0172D /* EnvironmentStoreTests.swift */ = {isa = PBXFileReference; lastKnownFileType = sourcecode.swift; path = EnvironmentStoreTests.swift; sourceTree = "<group>"; };
		8277752CC68CD4D213D9800F /* EnvironmentRowView.swift */ = {isa = PBXFileReference; lastKnownFileType = sourcecode.swift; path = EnvironmentRowView.swift; sourceTree = "<group>"; };
		8534785824F2F1CBBBD8674E /* RemoteReadModels.swift */ = {isa = PBXFileReference; lastKnownFileType = sourcecode.swift; path = RemoteReadModels.swift; sourceTree = "<group>"; };
		8B20C77ABCD8AFD4CC7AF5F8 /* RemoteReadViewModelTests.swift */ = {isa = PBXFileReference; lastKnownFileType = sourcecode.swift; path = RemoteReadViewModelTests.swift; sourceTree = "<group>"; };
		8E8A0A279F98DBB642D0CDF7 /* EnvironmentSwitcherPopover.swift */ = {isa = PBXFileReference; lastKnownFileType = sourcecode.swift; path = EnvironmentSwitcherPopover.swift; sourceTree = "<group>"; };
		9D2D4C07C76ED9630743E295 /* RuleModels.swift */ = {isa = PBXFileReference; lastKnownFileType = sourcecode.swift; path = RuleModels.swift; sourceTree = "<group>"; };
		9D8F32E169CDFCA5D0D4C806 /* AlertmanagerViewModelTests.swift */ = {isa = PBXFileReference; lastKnownFileType = sourcecode.swift; path = AlertmanagerViewModelTests.swift; sourceTree = "<group>"; };
		A6E116713F81442653149DCA /* AlertsService.swift */ = {isa = PBXFileReference; lastKnownFileType = sourcecode.swift; path = AlertsService.swift; sourceTree = "<group>"; };
		A92682C9B29DB6F7EB28F9BC /* MimirToolUI.entitlements */ = {isa = PBXFileReference; lastKnownFileType = text.plist.entitlements; path = MimirToolUI.entitlements; sourceTree = "<group>"; };
		ACC8C5E6FA441BA7C1D4DADD /* ContentView.swift */ = {isa = PBXFileReference; lastKnownFileType = sourcecode.swift; path = ContentView.swift; sourceTree = "<group>"; };
		AE350DED6FFC0CF67D108C2B /* SidebarView.swift */ = {isa = PBXFileReference; lastKnownFileType = sourcecode.swift; path = SidebarView.swift; sourceTree = "<group>"; };
		B8A3E0663FD1194F96087AAF /* MimirtoolRunner.swift */ = {isa = PBXFileReference; lastKnownFileType = sourcecode.swift; path = MimirtoolRunner.swift; sourceTree = "<group>"; };
		BBEDCD1618CD293CFBAF89CB /* RulesView.swift */ = {isa = PBXFileReference; lastKnownFileType = sourcecode.swift; path = RulesView.swift; sourceTree = "<group>"; };
		BD1DA902B34CC591ADBE89FF /* AppSettings.swift */ = {isa = PBXFileReference; lastKnownFileType = sourcecode.swift; path = AppSettings.swift; sourceTree = "<group>"; };
		CC48B1A0AC71B061507E4D7F /* ErrorBannerView.swift */ = {isa = PBXFileReference; lastKnownFileType = sourcecode.swift; path = ErrorBannerView.swift; sourceTree = "<group>"; };
		D49656795398DF303DABDC64 /* SettingsView.swift */ = {isa = PBXFileReference; lastKnownFileType = sourcecode.swift; path = SettingsView.swift; sourceTree = "<group>"; };
		DB6A6257F030E31AA6FEDB0B /* AlertmanagerViewModel.swift */ = {isa = PBXFileReference; lastKnownFileType = sourcecode.swift; path = AlertmanagerViewModel.swift; sourceTree = "<group>"; };
		DBB5F0053570AD9ADF048ACC /* AlertsServiceTests.swift */ = {isa = PBXFileReference; lastKnownFileType = sourcecode.swift; path = AlertsServiceTests.swift; sourceTree = "<group>"; };
		DC9619321A04FD26A173207C /* AlertsViewModel.swift */ = {isa = PBXFileReference; lastKnownFileType = sourcecode.swift; path = AlertsViewModel.swift; sourceTree = "<group>"; };
		E326886A1D0649F283C4E2FD /* StatusBarView.swift */ = {isa = PBXFileReference; lastKnownFileType = sourcecode.swift; path = StatusBarView.swift; sourceTree = "<group>"; };
		E801F1FB7CFFF615C8BE7B87 /* RemoteReadView.swift */ = {isa = PBXFileReference; lastKnownFileType = sourcecode.swift; path = RemoteReadView.swift; sourceTree = "<group>"; };
		E94B87DF50FF2E5B1D0086DE /* AlertModel.swift */ = {isa = PBXFileReference; lastKnownFileType = sourcecode.swift; path = AlertModel.swift; sourceTree = "<group>"; };
		EE7FC61003B687C6F7473718 /* RulesViewModelTests.swift */ = {isa = PBXFileReference; lastKnownFileType = sourcecode.swift; path = RulesViewModelTests.swift; sourceTree = "<group>"; };
		F1F2B7AE9E18A96BBB3DCC6E /* RulesViewModel.swift */ = {isa = PBXFileReference; lastKnownFileType = sourcecode.swift; path = RulesViewModel.swift; sourceTree = "<group>"; };
		F8DF53B6DB2F025C2D9096FD /* TagView.swift */ = {isa = PBXFileReference; lastKnownFileType = sourcecode.swift; path = TagView.swift; sourceTree = "<group>"; };
		FF98A03239FFE126291073B1 /* MimirtoolRunnerTests.swift */ = {isa = PBXFileReference; lastKnownFileType = sourcecode.swift; path = MimirtoolRunnerTests.swift; sourceTree = "<group>"; };
/* End PBXFileReference section */

/* Begin PBXGroup section */
		0EADFBFAE237CD5B4296A29D /* Sidebar */ = {
			isa = PBXGroup;
			children = (
				8E8A0A279F98DBB642D0CDF7 /* EnvironmentSwitcherPopover.swift */,
				AE350DED6FFC0CF67D108C2B /* SidebarView.swift */,
			);
			path = Sidebar;
			sourceTree = "<group>";
		};
		15B3652D010B76C69B2F9EA6 /* Models */ = {
			isa = PBXGroup;
			children = (
				E94B87DF50FF2E5B1D0086DE /* AlertModel.swift */,
				BD1DA902B34CC591ADBE89FF /* AppSettings.swift */,
				0B21C2F10BDA758469022C6D /* MimirEnvironment.swift */,
				8534785824F2F1CBBBD8674E /* RemoteReadModels.swift */,
				9D2D4C07C76ED9630743E295 /* RuleModels.swift */,
			);
			path = Models;
			sourceTree = "<group>";
		};
		38D1C896C5055742BDFE6729 /* Shared */ = {
			isa = PBXGroup;
			children = (
				CC48B1A0AC71B061507E4D7F /* ErrorBannerView.swift */,
				E326886A1D0649F283C4E2FD /* StatusBarView.swift */,
				F8DF53B6DB2F025C2D9096FD /* TagView.swift */,
				1CEF2455AA852E5DA83E9F1F /* YAMLEditorView.swift */,
			);
			path = Shared;
			sourceTree = "<group>";
		};
		44EC23F01411101254590F38 /* MimirToolUITests */ = {
			isa = PBXGroup;
			children = (
				9D8F32E169CDFCA5D0D4C806 /* AlertmanagerViewModelTests.swift */,
				DBB5F0053570AD9ADF048ACC /* AlertsServiceTests.swift */,
				653BA61F99D2C3DFCC9F344B /* AlertsViewModelTests.swift */,
				7C758EE837439B32F4B0172D /* EnvironmentStoreTests.swift */,
				FF98A03239FFE126291073B1 /* MimirtoolRunnerTests.swift */,
				289EB8C1B22E6B2D8C9EDE34 /* MimirToolUITests.swift */,
				8B20C77ABCD8AFD4CC7AF5F8 /* RemoteReadViewModelTests.swift */,
				EE7FC61003B687C6F7473718 /* RulesViewModelTests.swift */,
			);
			path = MimirToolUITests;
			sourceTree = "<group>";
		};
		4AF5D8EC93250CB5E6FE0D7F /* Alertmanager */ = {
			isa = PBXGroup;
			children = (
				63C97FA393FEC50F9F3173BB /* AlertmanagerView.swift */,
				52E164DBC82F04729752F2D5 /* ConfigSummaryView.swift */,
			);
			path = Alertmanager;
			sourceTree = "<group>";
		};
		846E8F08263E8E977743C150 /* Rules */ = {
			isa = PBXGroup;
			children = (
				36F9F817FA5E4DBD45FC75D7 /* RuleEditorSheet.swift */,
				BBEDCD1618CD293CFBAF89CB /* RulesView.swift */,
			);
			path = Rules;
			sourceTree = "<group>";
		};
		8C98792F8709F893B136CA60 /* Alerts */ = {
			isa = PBXGroup;
			children = (
				0B2A69CCA4A71E10575CA7CC /* AlertsView.swift */,
			);
			path = Alerts;
			sourceTree = "<group>";
		};
		A311874D6DCCFCEF5CC3F428 /* Products */ = {
			isa = PBXGroup;
			children = (
				7455B7BE315C3FEB7B24073A /* MimirToolUI.app */,
				435255EBE47098B1A75120AD /* MimirToolUITests.xctest */,
			);
			name = Products;
			sourceTree = "<group>";
		};
		A95D1CE49344485F271F4818 /* Settings */ = {
			isa = PBXGroup;
			children = (
				4F702E09D84287F285401CAF /* EnvironmentFormSheet.swift */,
				8277752CC68CD4D213D9800F /* EnvironmentRowView.swift */,
				D49656795398DF303DABDC64 /* SettingsView.swift */,
			);
			path = Settings;
			sourceTree = "<group>";
		};
		B2F12F6CE4F4F346FCE75C53 /* ViewModels */ = {
			isa = PBXGroup;
			children = (
				DB6A6257F030E31AA6FEDB0B /* AlertmanagerViewModel.swift */,
				DC9619321A04FD26A173207C /* AlertsViewModel.swift */,
				24D4A3F17BE380EF53136638 /* RemoteReadViewModel.swift */,
				F1F2B7AE9E18A96BBB3DCC6E /* RulesViewModel.swift */,
			);
			path = ViewModels;
			sourceTree = "<group>";
		};
		BE73975EC6D3A494F8C9507B /* MimirToolUI */ = {
			isa = PBXGroup;
			children = (
				ACC8C5E6FA441BA7C1D4DADD /* ContentView.swift */,
				2C734CB6F6A012629115FE81 /* Info.plist */,
				A92682C9B29DB6F7EB28F9BC /* MimirToolUI.entitlements */,
				12F75510D3A8DBC2E05C0687 /* MimirToolUIApp.swift */,
				15B3652D010B76C69B2F9EA6 /* Models */,
				F49F1271B747892E734367A0 /* Services */,
				B2F12F6CE4F4F346FCE75C53 /* ViewModels */,
				F25F6B7EA77F452BA03C7161 /* Views */,
			);
			path = MimirToolUI;
			sourceTree = "<group>";
		};
		DF220D69E8016E603A758AB5 /* RemoteRead */ = {
			isa = PBXGroup;
			children = (
				E801F1FB7CFFF615C8BE7B87 /* RemoteReadView.swift */,
			);
			path = RemoteRead;
			sourceTree = "<group>";
		};
		EAD3E7EEFAB83B30806C5DBC = {
			isa = PBXGroup;
			children = (
				BE73975EC6D3A494F8C9507B /* MimirToolUI */,
				44EC23F01411101254590F38 /* MimirToolUITests */,
				A311874D6DCCFCEF5CC3F428 /* Products */,
			);
			sourceTree = "<group>";
		};
		F25F6B7EA77F452BA03C7161 /* Views */ = {
			isa = PBXGroup;
			children = (
				4AF5D8EC93250CB5E6FE0D7F /* Alertmanager */,
				8C98792F8709F893B136CA60 /* Alerts */,
				DF220D69E8016E603A758AB5 /* RemoteRead */,
				846E8F08263E8E977743C150 /* Rules */,
				A95D1CE49344485F271F4818 /* Settings */,
				38D1C896C5055742BDFE6729 /* Shared */,
				0EADFBFAE237CD5B4296A29D /* Sidebar */,
			);
			path = Views;
			sourceTree = "<group>";
		};
		F49F1271B747892E734367A0 /* Services */ = {
			isa = PBXGroup;
			children = (
				A6E116713F81442653149DCA /* AlertsService.swift */,
				7542D06AF08821AD8C1A6467 /* EnvironmentStore.swift */,
				B8A3E0663FD1194F96087AAF /* MimirtoolRunner.swift */,
			);
			path = Services;
			sourceTree = "<group>";
		};
/* End PBXGroup section */

/* Begin PBXNativeTarget section */
		3C9F0C803C6277B72DAF616F /* MimirToolUITests */ = {
			isa = PBXNativeTarget;
			buildConfigurationList = 78AFDBF6443A960BAD62E727 /* Build configuration list for PBXNativeTarget "MimirToolUITests" */;
			buildPhases = (
				8DCB180A4A6767F025A3825B /* Sources */,
			);
			buildRules = (
			);
			dependencies = (
				5FF86B1A85BBD5B26B027F25 /* PBXTargetDependency */,
			);
			name = MimirToolUITests;
			packageProductDependencies = (
			);
			productName = MimirToolUITests;
			productReference = 435255EBE47098B1A75120AD /* MimirToolUITests.xctest */;
			productType = "com.apple.product-type.bundle.unit-test";
		};
		C6CDB2908CE447D376C96B88 /* MimirToolUI */ = {
			isa = PBXNativeTarget;
			buildConfigurationList = 4C28AE8925C8346C9583D671 /* Build configuration list for PBXNativeTarget "MimirToolUI" */;
			buildPhases = (
				B2AA455005716E6C018B37DD /* Sources */,
			);
			buildRules = (
			);
			dependencies = (
			);
			name = MimirToolUI;
			packageProductDependencies = (
			);
			productName = MimirToolUI;
			productReference = 7455B7BE315C3FEB7B24073A /* MimirToolUI.app */;
			productType = "com.apple.product-type.application";
		};
/* End PBXNativeTarget section */

/* Begin PBXProject section */
		1ABAF0470BF9041E69E8B8F8 /* Project object */ = {
			isa = PBXProject;
			attributes = {
				BuildIndependentTargetsInParallel = YES;
				LastUpgradeCheck = 1600;
				TargetAttributes = {
				};
			};
			buildConfigurationList = A02F9963BFE05E4418CA8C56 /* Build configuration list for PBXProject "MimirToolUI" */;
			developmentRegion = en;
			hasScannedForEncodings = 0;
			knownRegions = (
				Base,
				en,
			);
			mainGroup = EAD3E7EEFAB83B30806C5DBC;
			minimizedProjectReferenceProxies = 1;
			preferredProjectObjectVersion = 77;
			productRefGroup = A311874D6DCCFCEF5CC3F428 /* Products */;
			projectDirPath = "";
			projectRoot = "";
			targets = (
				C6CDB2908CE447D376C96B88 /* MimirToolUI */,
				3C9F0C803C6277B72DAF616F /* MimirToolUITests */,
			);
		};
/* End PBXProject section */

/* Begin PBXSourcesBuildPhase section */
		8DCB180A4A6767F025A3825B /* Sources */ = {
			isa = PBXSourcesBuildPhase;
			buildActionMask = 2147483647;
			files = (
				48A52E4DCA9569FB037ED7AA /* AlertmanagerViewModelTests.swift in Sources */,
				03471F42E42E88BE1B26DD25 /* AlertsServiceTests.swift in Sources */,
				2E84A2F890478BF792402131 /* AlertsViewModelTests.swift in Sources */,
				C74ACF0AEDE20B9892E9E4FA /* EnvironmentStoreTests.swift in Sources */,
				27D551B07B0B06A8C582E9A6 /* MimirToolUITests.swift in Sources */,
				67F7ED39235CCF320087F997 /* MimirtoolRunnerTests.swift in Sources */,
				2B7995AE7357C5D0AE159634 /* RemoteReadViewModelTests.swift in Sources */,
				2F86DCE50F21EED6A083380D /* RulesViewModelTests.swift in Sources */,
			);
			runOnlyForDeploymentPostprocessing = 0;
		};
		B2AA455005716E6C018B37DD /* Sources */ = {
			isa = PBXSourcesBuildPhase;
			buildActionMask = 2147483647;
			files = (
				058C0DEA4177764E19568402 /* AlertModel.swift in Sources */,
				45F09B8FDB862A28B0F5FA27 /* AlertmanagerView.swift in Sources */,
				1FCB7C2AE334AFAF307B49CC /* AlertmanagerViewModel.swift in Sources */,
				FEC35AEC84007291785B5E09 /* AlertsService.swift in Sources */,
				E8BDA736499CF5C047E1B72E /* AlertsView.swift in Sources */,
				385309BF50B43AA1EDD5A461 /* AlertsViewModel.swift in Sources */,
				C21028BAA055E7D9661D526F /* AppSettings.swift in Sources */,
				715E738B0B664038BFFE4D66 /* ConfigSummaryView.swift in Sources */,
				A875C78A9A79DD73800D6170 /* ContentView.swift in Sources */,
				95ECD4C2CA0ABD146AACD954 /* EnvironmentFormSheet.swift in Sources */,
				056B7D84437DFD8A281C0641 /* EnvironmentRowView.swift in Sources */,
				8622D64AD71A0FC08911862A /* EnvironmentStore.swift in Sources */,
				DFA8AD6C52A8EE7731EE108C /* EnvironmentSwitcherPopover.swift in Sources */,
				53C151B9BC4CDD0DEA75D23C /* ErrorBannerView.swift in Sources */,
				2D9FA74F591A52795639197E /* MimirEnvironment.swift in Sources */,
				22EDF091E5D10B5EC0175939 /* MimirToolUIApp.swift in Sources */,
				886798191B0E067735ED5E3C /* MimirtoolRunner.swift in Sources */,
				CEB555299CED577F67F571CD /* RemoteReadModels.swift in Sources */,
				F9DCF0170FF8F25C7E67BA68 /* RemoteReadView.swift in Sources */,
				B0558362A31649DAE214C7E7 /* RemoteReadViewModel.swift in Sources */,
				4EA979A3626D6A97DF66129D /* RuleEditorSheet.swift in Sources */,
				9449FCE94CFB745A8272A806 /* RuleModels.swift in Sources */,
				64BE74F9DE3392BB5E7F8427 /* RulesView.swift in Sources */,
				9ADB8E1CDBA7A55FC01ABF45 /* RulesViewModel.swift in Sources */,
				E88620B0975FF1B9DEEBADF5 /* SettingsView.swift in Sources */,
				601E8297206FF9879C06E554 /* SidebarView.swift in Sources */,
				0428DBFE04405ED333ABFB3D /* StatusBarView.swift in Sources */,
				80EFAEDF36AB329221F52E9B /* TagView.swift in Sources */,
				A290DC2C4B455BEDDBE9FB19 /* YAMLEditorView.swift in Sources */,
			);
			runOnlyForDeploymentPostprocessing = 0;
		};
/* End PBXSourcesBuildPhase section */

/* Begin PBXTargetDependency section */
		5FF86B1A85BBD5B26B027F25 /* PBXTargetDependency */ = {
			isa = PBXTargetDependency;
			target = C6CDB2908CE447D376C96B88 /* MimirToolUI */;
			targetProxy = DC894E71D2BEB6B94FCEEFD6 /* PBXContainerItemProxy */;
		};
/* End PBXTargetDependency section */

/* Begin XCBuildConfiguration section */
		0EADEC50EB95C5A4713B8CDE /* Release */ = {
			isa = XCBuildConfiguration;
			buildSettings = {
				ASSETCATALOG_COMPILER_APPICON_NAME = AppIcon;
				CODE_SIGN_ENTITLEMENTS = MimirToolUI/MimirToolUI.entitlements;
				COMBINE_HIDPI_IMAGES = YES;
				INFOPLIST_FILE = MimirToolUI/Info.plist;
				LD_RUNPATH_SEARCH_PATHS = (
					"$(inherited)",
					"@executable_path/../Frameworks",
				);
				PRODUCT_BUNDLE_IDENTIFIER = com.mimirtool.MimirToolUI;
				SDKROOT = macosx;
			};
			name = Release;
		};
		3B8AB9E26B07089519678808 /* Release */ = {
			isa = XCBuildConfiguration;
			buildSettings = {
				ALWAYS_SEARCH_USER_PATHS = NO;
				CLANG_ANALYZER_NONNULL = YES;
				CLANG_ANALYZER_NUMBER_OBJECT_CONVERSION = YES_AGGRESSIVE;
				CLANG_CXX_LANGUAGE_STANDARD = "gnu++14";
				CLANG_CXX_LIBRARY = "libc++";
				CLANG_ENABLE_MODULES = YES;
				CLANG_ENABLE_OBJC_ARC = YES;
				CLANG_ENABLE_OBJC_WEAK = YES;
				CLANG_WARN_BLOCK_CAPTURE_AUTORELEASING = YES;
				CLANG_WARN_BOOL_CONVERSION = YES;
				CLANG_WARN_COMMA = YES;
				CLANG_WARN_CONSTANT_CONVERSION = YES;
				CLANG_WARN_DEPRECATED_OBJC_IMPLEMENTATIONS = YES;
				CLANG_WARN_DIRECT_OBJC_ISA_USAGE = YES_ERROR;
				CLANG_WARN_DOCUMENTATION_COMMENTS = YES;
				CLANG_WARN_EMPTY_BODY = YES;
				CLANG_WARN_ENUM_CONVERSION = YES;
				CLANG_WARN_INFINITE_RECURSION = YES;
				CLANG_WARN_INT_CONVERSION = YES;
				CLANG_WARN_NON_LITERAL_NULL_CONVERSION = YES;
				CLANG_WARN_OBJC_IMPLICIT_RETAIN_SELF = YES;
				CLANG_WARN_OBJC_LITERAL_CONVERSION = YES;
				CLANG_WARN_OBJC_ROOT_CLASS = YES_ERROR;
				CLANG_WARN_QUOTED_INCLUDE_IN_FRAMEWORK_HEADER = YES;
				CLANG_WARN_RANGE_LOOP_ANALYSIS = YES;
				CLANG_WARN_STRICT_PROTOTYPES = YES;
				CLANG_WARN_SUSPICIOUS_MOVE = YES;
				CLANG_WARN_UNGUARDED_AVAILABILITY = YES_AGGRESSIVE;
				CLANG_WARN_UNREACHABLE_CODE = YES;
				CLANG_WARN__DUPLICATE_METHOD_MATCH = YES;
				COPY_PHASE_STRIP = NO;
				DEBUG_INFORMATION_FORMAT = "dwarf-with-dsym";
				ENABLE_HARDENED_RUNTIME = YES;
				ENABLE_NS_ASSERTIONS = NO;
				ENABLE_STRICT_OBJC_MSGSEND = YES;
				GCC_C_LANGUAGE_STANDARD = gnu11;
				GCC_NO_COMMON_BLOCKS = YES;
				GCC_WARN_64_TO_32_BIT_CONVERSION = YES;
				GCC_WARN_ABOUT_RETURN_TYPE = YES_ERROR;
				GCC_WARN_UNDECLARED_SELECTOR = YES;
				GCC_WARN_UNINITIALIZED_AUTOS = YES_AGGRESSIVE;
				GCC_WARN_UNUSED_FUNCTION = YES;
				GCC_WARN_UNUSED_VARIABLE = YES;
				MACOSX_DEPLOYMENT_TARGET = 13.0;
				MTL_ENABLE_DEBUG_INFO = NO;
				MTL_FAST_MATH = YES;
				PRODUCT_NAME = "$(TARGET_NAME)";
				SDKROOT = macosx;
				SWIFT_COMPILATION_MODE = wholemodule;
				SWIFT_OPTIMIZATION_LEVEL = "-O";
				SWIFT_VERSION = 6.0;
			};
			name = Release;
		};
		57BC4825416367218F091181 /* Release */ = {
			isa = XCBuildConfiguration;
			buildSettings = {
				BUNDLE_LOADER = "$(TEST_HOST)";
				COMBINE_HIDPI_IMAGES = YES;
				GENERATE_INFOPLIST_FILE = YES;
				LD_RUNPATH_SEARCH_PATHS = (
					"$(inherited)",
					"@executable_path/../Frameworks",
					"@loader_path/../Frameworks",
				);
				PRODUCT_BUNDLE_IDENTIFIER = com.mimirtool.MimirToolUITests;
				SDKROOT = macosx;
				TEST_HOST = "$(BUILT_PRODUCTS_DIR)/MimirToolUI.app/Contents/MacOS/MimirToolUI";
			};
			name = Release;
		};
		6E972A7D6D90F7C5D77CD263 /* Debug */ = {
			isa = XCBuildConfiguration;
			buildSettings = {
				BUNDLE_LOADER = "$(TEST_HOST)";
				COMBINE_HIDPI_IMAGES = YES;
				GENERATE_INFOPLIST_FILE = YES;
				LD_RUNPATH_SEARCH_PATHS = (
					"$(inherited)",
					"@executable_path/../Frameworks",
					"@loader_path/../Frameworks",
				);
				PRODUCT_BUNDLE_IDENTIFIER = com.mimirtool.MimirToolUITests;
				SDKROOT = macosx;
				TEST_HOST = "$(BUILT_PRODUCTS_DIR)/MimirToolUI.app/Contents/MacOS/MimirToolUI";
			};
			name = Debug;
		};
		C54BAAFD80AEB5C0A9ABDD79 /* Debug */ = {
			isa = XCBuildConfiguration;
			buildSettings = {
				ALWAYS_SEARCH_USER_PATHS = NO;
				CLANG_ANALYZER_NONNULL = YES;
				CLANG_ANALYZER_NUMBER_OBJECT_CONVERSION = YES_AGGRESSIVE;
				CLANG_CXX_LANGUAGE_STANDARD = "gnu++14";
				CLANG_CXX_LIBRARY = "libc++";
				CLANG_ENABLE_MODULES = YES;
				CLANG_ENABLE_OBJC_ARC = YES;
				CLANG_ENABLE_OBJC_WEAK = YES;
				CLANG_WARN_BLOCK_CAPTURE_AUTORELEASING = YES;
				CLANG_WARN_BOOL_CONVERSION = YES;
				CLANG_WARN_COMMA = YES;
				CLANG_WARN_CONSTANT_CONVERSION = YES;
				CLANG_WARN_DEPRECATED_OBJC_IMPLEMENTATIONS = YES;
				CLANG_WARN_DIRECT_OBJC_ISA_USAGE = YES_ERROR;
				CLANG_WARN_DOCUMENTATION_COMMENTS = YES;
				CLANG_WARN_EMPTY_BODY = YES;
				CLANG_WARN_ENUM_CONVERSION = YES;
				CLANG_WARN_INFINITE_RECURSION = YES;
				CLANG_WARN_INT_CONVERSION = YES;
				CLANG_WARN_NON_LITERAL_NULL_CONVERSION = YES;
				CLANG_WARN_OBJC_IMPLICIT_RETAIN_SELF = YES;
				CLANG_WARN_OBJC_LITERAL_CONVERSION = YES;
				CLANG_WARN_OBJC_ROOT_CLASS = YES_ERROR;
				CLANG_WARN_QUOTED_INCLUDE_IN_FRAMEWORK_HEADER = YES;
				CLANG_WARN_RANGE_LOOP_ANALYSIS = YES;
				CLANG_WARN_STRICT_PROTOTYPES = YES;
				CLANG_WARN_SUSPICIOUS_MOVE = YES;
				CLANG_WARN_UNGUARDED_AVAILABILITY = YES_AGGRESSIVE;
				CLANG_WARN_UNREACHABLE_CODE = YES;
				CLANG_WARN__DUPLICATE_METHOD_MATCH = YES;
				COPY_PHASE_STRIP = NO;
				DEBUG_INFORMATION_FORMAT = dwarf;
				ENABLE_HARDENED_RUNTIME = YES;
				ENABLE_STRICT_OBJC_MSGSEND = YES;
				ENABLE_TESTABILITY = YES;
				GCC_C_LANGUAGE_STANDARD = gnu11;
				GCC_DYNAMIC_NO_PIC = NO;
				GCC_NO_COMMON_BLOCKS = YES;
				GCC_OPTIMIZATION_LEVEL = 0;
				GCC_PREPROCESSOR_DEFINITIONS = (
					"$(inherited)",
					"DEBUG=1",
				);
				GCC_WARN_64_TO_32_BIT_CONVERSION = YES;
				GCC_WARN_ABOUT_RETURN_TYPE = YES_ERROR;
				GCC_WARN_UNDECLARED_SELECTOR = YES;
				GCC_WARN_UNINITIALIZED_AUTOS = YES_AGGRESSIVE;
				GCC_WARN_UNUSED_FUNCTION = YES;
				GCC_WARN_UNUSED_VARIABLE = YES;
				MACOSX_DEPLOYMENT_TARGET = 13.0;
				MTL_ENABLE_DEBUG_INFO = INCLUDE_SOURCE;
				MTL_FAST_MATH = YES;
				ONLY_ACTIVE_ARCH = YES;
				PRODUCT_NAME = "$(TARGET_NAME)";
				SDKROOT = macosx;
				SWIFT_ACTIVE_COMPILATION_CONDITIONS = DEBUG;
				SWIFT_OPTIMIZATION_LEVEL = "-Onone";
				SWIFT_VERSION = 6.0;
			};
			name = Debug;
		};
		F3C6AAEDC2832E49E5375144 /* Debug */ = {
			isa = XCBuildConfiguration;
			buildSettings = {
				ASSETCATALOG_COMPILER_APPICON_NAME = AppIcon;
				CODE_SIGN_ENTITLEMENTS = MimirToolUI/MimirToolUI.entitlements;
				COMBINE_HIDPI_IMAGES = YES;
				INFOPLIST_FILE = MimirToolUI/Info.plist;
				LD_RUNPATH_SEARCH_PATHS = (
					"$(inherited)",
					"@executable_path/../Frameworks",
				);
				PRODUCT_BUNDLE_IDENTIFIER = com.mimirtool.MimirToolUI;
				SDKROOT = macosx;
			};
			name = Debug;
		};
/* End XCBuildConfiguration section */

/* Begin XCConfigurationList section */
		4C28AE8925C8346C9583D671 /* Build configuration list for PBXNativeTarget "MimirToolUI" */ = {
			isa = XCConfigurationList;
			buildConfigurations = (
				F3C6AAEDC2832E49E5375144 /* Debug */,
				0EADEC50EB95C5A4713B8CDE /* Release */,
			);
			defaultConfigurationIsVisible = 0;
			defaultConfigurationName = Debug;
		};
		78AFDBF6443A960BAD62E727 /* Build configuration list for PBXNativeTarget "MimirToolUITests" */ = {
			isa = XCConfigurationList;
			buildConfigurations = (
				6E972A7D6D90F7C5D77CD263 /* Debug */,
				57BC4825416367218F091181 /* Release */,
			);
			defaultConfigurationIsVisible = 0;
			defaultConfigurationName = Debug;
		};
		A02F9963BFE05E4418CA8C56 /* Build configuration list for PBXProject "MimirToolUI" */ = {
			isa = XCConfigurationList;
			buildConfigurations = (
				C54BAAFD80AEB5C0A9ABDD79 /* Debug */,
				3B8AB9E26B07089519678808 /* Release */,
			);
			defaultConfigurationIsVisible = 0;
			defaultConfigurationName = Debug;
		};
/* End XCConfigurationList section */
	};
	rootObject = 1ABAF0470BF9041E69E8B8F8 /* Project object */;
}
